// !$*UTF8*$!
{
	archiveVersion = 1;
	classes = {
	};
	objectVersion = 56;
	objects = {

/* Begin PBXBuildFile section */
		6E7E28AD2A8E2C7A002BFF49 /* MovieTableViewCell.swift in Sources */ = {isa = PBXBuildFile; fileRef = 6E7E28AC2A8E2C7A002BFF49 /* MovieTableViewCell.swift */; };
		6E7E28AF2A8E4631002BFF49 /* DetailViewController.swift in Sources */ = {isa = PBXBuildFile; fileRef = 6E7E28AE2A8E4631002BFF49 /* DetailViewController.swift */; };
		6E7E28B12A8E4ECF002BFF49 /* CastTableViewCell.swift in Sources */ = {isa = PBXBuildFile; fileRef = 6E7E28B02A8E4ECF002BFF49 /* CastTableViewCell.swift */; };
		6E940B9A2A90807600B30237 /* KoficCollectionViewCell.swift in Sources */ = {isa = PBXBuildFile; fileRef = 6E940B992A90807600B30237 /* KoficCollectionViewCell.swift */; };
		6E940B9C2A90808D00B30237 /* KoficTableViewCell.swift in Sources */ = {isa = PBXBuildFile; fileRef = 6E940B9B2A90808C00B30237 /* KoficTableViewCell.swift */; };
		6E940B9E2A90848900B30237 /* KoficViewController.swift in Sources */ = {isa = PBXBuildFile; fileRef = 6E940B9D2A90848900B30237 /* KoficViewController.swift */; };
		6E940BA02A90A60B00B30237 /* DetailKoficViewController.swift in Sources */ = {isa = PBXBuildFile; fileRef = 6E940B9F2A90A60B00B30237 /* DetailKoficViewController.swift */; };
		6E940BA22A90A88E00B30237 /* DetailKoficTableViewCell.swift in Sources */ = {isa = PBXBuildFile; fileRef = 6E940BA12A90A88E00B30237 /* DetailKoficTableViewCell.swift */; };
		6E940BA42A926C3700B30237 /* TMDB.swift in Sources */ = {isa = PBXBuildFile; fileRef = 6E940BA32A926C3700B30237 /* TMDB.swift */; };
		6E940BA62A926DCB00B30237 /* TMDBManager.swift in Sources */ = {isa = PBXBuildFile; fileRef = 6E940BA52A926DCB00B30237 /* TMDBManager.swift */; };
		6E940BCC2A93285100B30237 /* CodeBaseViewController.swift in Sources */ = {isa = PBXBuildFile; fileRef = 6E940BCB2A93285100B30237 /* CodeBaseViewController.swift */; };
		6EA356EB2A8E23F200FA18DB /* AppDelegate.swift in Sources */ = {isa = PBXBuildFile; fileRef = 6EA356EA2A8E23F200FA18DB /* AppDelegate.swift */; };
		6EA356ED2A8E23F200FA18DB /* SceneDelegate.swift in Sources */ = {isa = PBXBuildFile; fileRef = 6EA356EC2A8E23F200FA18DB /* SceneDelegate.swift */; };
		6EA356EF2A8E23F200FA18DB /* ViewController.swift in Sources */ = {isa = PBXBuildFile; fileRef = 6EA356EE2A8E23F200FA18DB /* ViewController.swift */; };
		6EA356F22A8E23F200FA18DB /* Main.storyboard in Resources */ = {isa = PBXBuildFile; fileRef = 6EA356F02A8E23F200FA18DB /* Main.storyboard */; };
		6EA356F42A8E23F200FA18DB /* Assets.xcassets in Resources */ = {isa = PBXBuildFile; fileRef = 6EA356F32A8E23F200FA18DB /* Assets.xcassets */; };
		6EA356F72A8E23F200FA18DB /* LaunchScreen.storyboard in Resources */ = {isa = PBXBuildFile; fileRef = 6EA356F52A8E23F200FA18DB /* LaunchScreen.storyboard */; };
		6EA356FF2A8E247600FA18DB /* .gitignore in Resources */ = {isa = PBXBuildFile; fileRef = 6EA356FE2A8E247600FA18DB /* .gitignore */; };
		6EA357012A8E249800FA18DB /* APIKey.swift in Sources */ = {isa = PBXBuildFile; fileRef = 6EA357002A8E249800FA18DB /* APIKey.swift */; };
		6EA357042A8E263100FA18DB /* Alamofire in Frameworks */ = {isa = PBXBuildFile; productRef = 6EA357032A8E263100FA18DB /* Alamofire */; };
		6EA357072A8E263700FA18DB /* Kingfisher in Frameworks */ = {isa = PBXBuildFile; productRef = 6EA357062A8E263700FA18DB /* Kingfisher */; };
		6EA3570A2A8E263F00FA18DB /* SwiftyJSON in Frameworks */ = {isa = PBXBuildFile; productRef = 6EA357092A8E263F00FA18DB /* SwiftyJSON */; };
		6ED6EEC82A934DC000375785 /* LotteryViewController.swift in Sources */ = {isa = PBXBuildFile; fileRef = 6ED6EEC72A934DC000375785 /* LotteryViewController.swift */; };
		6ED6EECA2A934F3500375785 /* LOTTERY.swift in Sources */ = {isa = PBXBuildFile; fileRef = 6ED6EEC92A934F3500375785 /* LOTTERY.swift */; };
/* End PBXBuildFile section */

/* Begin PBXFileReference section */
		6E7E28AC2A8E2C7A002BFF49 /* MovieTableViewCell.swift */ = {isa = PBXFileReference; lastKnownFileType = sourcecode.swift; path = MovieTableViewCell.swift; sourceTree = "<group>"; };
		6E7E28AE2A8E4631002BFF49 /* DetailViewController.swift */ = {isa = PBXFileReference; lastKnownFileType = sourcecode.swift; path = DetailViewController.swift; sourceTree = "<group>"; };
		6E7E28B02A8E4ECF002BFF49 /* CastTableViewCell.swift */ = {isa = PBXFileReference; lastKnownFileType = sourcecode.swift; path = CastTableViewCell.swift; sourceTree = "<group>"; };
		6E940B992A90807600B30237 /* KoficCollectionViewCell.swift */ = {isa = PBXFileReference; lastKnownFileType = sourcecode.swift; path = KoficCollectionViewCell.swift; sourceTree = "<group>"; };
		6E940B9B2A90808C00B30237 /* KoficTableViewCell.swift */ = {isa = PBXFileReference; lastKnownFileType = sourcecode.swift; path = KoficTableViewCell.swift; sourceTree = "<group>"; };
		6E940B9D2A90848900B30237 /* KoficViewController.swift */ = {isa = PBXFileReference; lastKnownFileType = sourcecode.swift; name = KoficViewController.swift; path = TotalAPIProject/KoficViewController.swift; sourceTree = SOURCE_ROOT; };
		6E940B9F2A90A60B00B30237 /* DetailKoficViewController.swift */ = {isa = PBXFileReference; lastKnownFileType = sourcecode.swift; name = DetailKoficViewController.swift; path = TotalAPIProject/DetailKoficViewController.swift; sourceTree = SOURCE_ROOT; };
		6E940BA12A90A88E00B30237 /* DetailKoficTableViewCell.swift */ = {isa = PBXFileReference; lastKnownFileType = sourcecode.swift; name = DetailKoficTableViewCell.swift; path = TotalAPIProject/DetailKoficTableViewCell.swift; sourceTree = SOURCE_ROOT; };
		6E940BA32A926C3700B30237 /* TMDB.swift */ = {isa = PBXFileReference; lastKnownFileType = sourcecode.swift; path = TMDB.swift; sourceTree = "<group>"; };
		6E940BA52A926DCB00B30237 /* TMDBManager.swift */ = {isa = PBXFileReference; lastKnownFileType = sourcecode.swift; path = TMDBManager.swift; sourceTree = "<group>"; };
		6E940BCB2A93285100B30237 /* CodeBaseViewController.swift */ = {isa = PBXFileReference; lastKnownFileType = sourcecode.swift; path = CodeBaseViewController.swift; sourceTree = "<group>"; };
		6EA356E72A8E23F200FA18DB /* TotalAPIProject.app */ = {isa = PBXFileReference; explicitFileType = wrapper.application; includeInIndex = 0; path = TotalAPIProject.app; sourceTree = BUILT_PRODUCTS_DIR; };
		6EA356EA2A8E23F200FA18DB /* AppDelegate.swift */ = {isa = PBXFileReference; lastKnownFileType = sourcecode.swift; path = AppDelegate.swift; sourceTree = "<group>"; };
		6EA356EC2A8E23F200FA18DB /* SceneDelegate.swift */ = {isa = PBXFileReference; lastKnownFileType = sourcecode.swift; path = SceneDelegate.swift; sourceTree = "<group>"; };
		6EA356EE2A8E23F200FA18DB /* ViewController.swift */ = {isa = PBXFileReference; lastKnownFileType = sourcecode.swift; path = ViewController.swift; sourceTree = "<group>"; };
		6EA356F12A8E23F200FA18DB /* Base */ = {isa = PBXFileReference; lastKnownFileType = file.storyboard; name = Base; path = Base.lproj/Main.storyboard; sourceTree = "<group>"; };
		6EA356F32A8E23F200FA18DB /* Assets.xcassets */ = {isa = PBXFileReference; lastKnownFileType = folder.assetcatalog; path = Assets.xcassets; sourceTree = "<group>"; };
		6EA356F62A8E23F200FA18DB /* Base */ = {isa = PBXFileReference; lastKnownFileType = file.storyboard; name = Base; path = Base.lproj/LaunchScreen.storyboard; sourceTree = "<group>"; };
		6EA356F82A8E23F200FA18DB /* Info.plist */ = {isa = PBXFileReference; lastKnownFileType = text.plist.xml; path = Info.plist; sourceTree = "<group>"; };
		6EA356FE2A8E247600FA18DB /* .gitignore */ = {isa = PBXFileReference; lastKnownFileType = text; path = .gitignore; sourceTree = "<group>"; };
		6EA357002A8E249800FA18DB /* APIKey.swift */ = {isa = PBXFileReference; lastKnownFileType = sourcecode.swift; path = APIKey.swift; sourceTree = "<group>"; };
		6ED6EEC72A934DC000375785 /* LotteryViewController.swift */ = {isa = PBXFileReference; lastKnownFileType = sourcecode.swift; name = LotteryViewController.swift; path = TotalAPIProject/LotteryViewController.swift; sourceTree = SOURCE_ROOT; };
		6ED6EEC92A934F3500375785 /* LOTTERY.swift */ = {isa = PBXFileReference; lastKnownFileType = sourcecode.swift; path = LOTTERY.swift; sourceTree = "<group>"; };
/* End PBXFileReference section */

/* Begin PBXFrameworksBuildPhase section */
		6EA356E42A8E23F200FA18DB /* Frameworks */ = {
			isa = PBXFrameworksBuildPhase;
			buildActionMask = 2147483647;
			files = (
				6EA3570A2A8E263F00FA18DB /* SwiftyJSON in Frameworks */,
				6EA357072A8E263700FA18DB /* Kingfisher in Frameworks */,
				6EA357042A8E263100FA18DB /* Alamofire in Frameworks */,
			);
			runOnlyForDeploymentPostprocessing = 0;
		};
/* End PBXFrameworksBuildPhase section */

/* Begin PBXGroup section */
		6E940B942A907F1800B30237 /* TMDB */ = {
			isa = PBXGroup;
			children = (
				6E7E28AE2A8E4631002BFF49 /* DetailViewController.swift */,
				6E7E28AC2A8E2C7A002BFF49 /* MovieTableViewCell.swift */,
				6E7E28B02A8E4ECF002BFF49 /* CastTableViewCell.swift */,
				6EA356EE2A8E23F200FA18DB /* ViewController.swift */,
				6E940BA32A926C3700B30237 /* TMDB.swift */,
				6E940BA52A926DCB00B30237 /* TMDBManager.swift */,
			);
			path = TMDB;
			sourceTree = "<group>";
		};
		6E940B952A907F4000B30237 /* Kofic */ = {
			isa = PBXGroup;
			children = (
				6E940B9F2A90A60B00B30237 /* DetailKoficViewController.swift */,
				6E940B9D2A90848900B30237 /* KoficViewController.swift */,
				6E940B982A907FDA00B30237 /* KoficCell */,
			);
			path = Kofic;
			sourceTree = "<group>";
		};
		6E940B982A907FDA00B30237 /* KoficCell */ = {
			isa = PBXGroup;
			children = (
				6E940BA12A90A88E00B30237 /* DetailKoficTableViewCell.swift */,
				6E940B992A90807600B30237 /* KoficCollectionViewCell.swift */,
				6E940B9B2A90808C00B30237 /* KoficTableViewCell.swift */,
			);
			path = KoficCell;
			sourceTree = "<group>";
		};
		6EA356DE2A8E23F200FA18DB = {
			isa = PBXGroup;
			children = (
				6EA356E92A8E23F200FA18DB /* TotalAPIProject */,
				6EA356E82A8E23F200FA18DB /* Products */,
			);
			sourceTree = "<group>";
		};
		6EA356E82A8E23F200FA18DB /* Products */ = {
			isa = PBXGroup;
			children = (
				6EA356E72A8E23F200FA18DB /* TotalAPIProject.app */,
			);
			name = Products;
			sourceTree = "<group>";
		};
		6EA356E92A8E23F200FA18DB /* TotalAPIProject */ = {
			isa = PBXGroup;
			children = (
				6ED6EEC62A934CB500375785 /* LOTTERY */,
				6E940B942A907F1800B30237 /* TMDB */,
				6E940B952A907F4000B30237 /* Kofic */,
				6EA356EA2A8E23F200FA18DB /* AppDelegate.swift */,
				6EA356EC2A8E23F200FA18DB /* SceneDelegate.swift */,
				6EA356F02A8E23F200FA18DB /* Main.storyboard */,
				6EA356F32A8E23F200FA18DB /* Assets.xcassets */,
				6EA356F52A8E23F200FA18DB /* LaunchScreen.storyboard */,
				6EA356F82A8E23F200FA18DB /* Info.plist */,
				6EA356FE2A8E247600FA18DB /* .gitignore */,
				6EA357002A8E249800FA18DB /* APIKey.swift */,
				6E940BCB2A93285100B30237 /* CodeBaseViewController.swift */,
			);
			path = TotalAPIProject;
			sourceTree = "<group>";
		};
		6ED6EEC62A934CB500375785 /* LOTTERY */ = {
			isa = PBXGroup;
			children = (
				6ED6EEC72A934DC000375785 /* LotteryViewController.swift */,
				6ED6EEC92A934F3500375785 /* LOTTERY.swift */,
			);
			path = LOTTERY;
			sourceTree = "<group>";
		};
/* End PBXGroup section */

/* Begin PBXNativeTarget section */
		6EA356E62A8E23F200FA18DB /* TotalAPIProject */ = {
			isa = PBXNativeTarget;
			buildConfigurationList = 6EA356FB2A8E23F200FA18DB /* Build configuration list for PBXNativeTarget "TotalAPIProject" */;
			buildPhases = (
				6EA356E32A8E23F200FA18DB /* Sources */,
				6EA356E42A8E23F200FA18DB /* Frameworks */,
				6EA356E52A8E23F200FA18DB /* Resources */,
			);
			buildRules = (
			);
			dependencies = (
			);
			name = TotalAPIProject;
			packageProductDependencies = (
				6EA357032A8E263100FA18DB /* Alamofire */,
				6EA357062A8E263700FA18DB /* Kingfisher */,
				6EA357092A8E263F00FA18DB /* SwiftyJSON */,
			);
			productName = TotalAPIProject;
			productReference = 6EA356E72A8E23F200FA18DB /* TotalAPIProject.app */;
			productType = "com.apple.product-type.application";
		};
/* End PBXNativeTarget section */

/* Begin PBXProject section */
		6EA356DF2A8E23F200FA18DB /* Project object */ = {
			isa = PBXProject;
			attributes = {
				BuildIndependentTargetsInParallel = 1;
				LastSwiftUpdateCheck = 1430;
				LastUpgradeCheck = 1430;
				TargetAttributes = {
					6EA356E62A8E23F200FA18DB = {
						CreatedOnToolsVersion = 14.3.1;
					};
				};
			};
			buildConfigurationList = 6EA356E22A8E23F200FA18DB /* Build configuration list for PBXProject "TotalAPIProject" */;
			compatibilityVersion = "Xcode 14.0";
			developmentRegion = en;
			hasScannedForEncodings = 0;
			knownRegions = (
				en,
				Base,
			);
			mainGroup = 6EA356DE2A8E23F200FA18DB;
			packageReferences = (
				6EA357022A8E263100FA18DB /* XCRemoteSwiftPackageReference "Alamofire" */,
				6EA357052A8E263700FA18DB /* XCRemoteSwiftPackageReference "Kingfisher" */,
				6EA357082A8E263F00FA18DB /* XCRemoteSwiftPackageReference "SwiftyJSON" */,
			);
			productRefGroup = 6EA356E82A8E23F200FA18DB /* Products */;
			projectDirPath = "";
			projectRoot = "";
			targets = (
				6EA356E62A8E23F200FA18DB /* TotalAPIProject */,
			);
		};
/* End PBXProject section */

/* Begin PBXResourcesBuildPhase section */
		6EA356E52A8E23F200FA18DB /* Resources */ = {
			isa = PBXResourcesBuildPhase;
			buildActionMask = 2147483647;
			files = (
				6EA356FF2A8E247600FA18DB /* .gitignore in Resources */,
				6EA356F72A8E23F200FA18DB /* LaunchScreen.storyboard in Resources */,
				6EA356F42A8E23F200FA18DB /* Assets.xcassets in Resources */,
				6EA356F22A8E23F200FA18DB /* Main.storyboard in Resources */,
			);
			runOnlyForDeploymentPostprocessing = 0;
		};
/* End PBXResourcesBuildPhase section */

/* Begin PBXSourcesBuildPhase section */
		6EA356E32A8E23F200FA18DB /* Sources */ = {
			isa = PBXSourcesBuildPhase;
			buildActionMask = 2147483647;
			files = (
				6E940BA62A926DCB00B30237 /* TMDBManager.swift in Sources */,
				6E7E28AD2A8E2C7A002BFF49 /* MovieTableViewCell.swift in Sources */,
				6EA356EF2A8E23F200FA18DB /* ViewController.swift in Sources */,
				6ED6EECA2A934F3500375785 /* LOTTERY.swift in Sources */,
				6E940BA42A926C3700B30237 /* TMDB.swift in Sources */,
				6E7E28B12A8E4ECF002BFF49 /* CastTableViewCell.swift in Sources */,
				6E940B9E2A90848900B30237 /* KoficViewController.swift in Sources */,
				6E940B9C2A90808D00B30237 /* KoficTableViewCell.swift in Sources */,
				6EA356EB2A8E23F200FA18DB /* AppDelegate.swift in Sources */,
				6ED6EEC82A934DC000375785 /* LotteryViewController.swift in Sources */,
				6E7E28AF2A8E4631002BFF49 /* DetailViewController.swift in Sources */,
				6E940BA02A90A60B00B30237 /* DetailKoficViewController.swift in Sources */,
				6EA357012A8E249800FA18DB /* APIKey.swift in Sources */,
				6E940B9A2A90807600B30237 /* KoficCollectionViewCell.swift in Sources */,
				6EA356ED2A8E23F200FA18DB /* SceneDelegate.swift in Sources */,
				6E940BA22A90A88E00B30237 /* DetailKoficTableViewCell.swift in Sources */,
				6E940BCC2A93285100B30237 /* CodeBaseViewController.swift in Sources */,
			);
			runOnlyForDeploymentPostprocessing = 0;
		};
/* End PBXSourcesBuildPhase section */

/* Begin PBXVariantGroup section */
		6EA356F02A8E23F200FA18DB /* Main.storyboard */ = {
			isa = PBXVariantGroup;
			children = (
				6EA356F12A8E23F200FA18DB /* Base */,
			);
			name = Main.storyboard;
			sourceTree = "<group>";
		};
		6EA356F52A8E23F200FA18DB /* LaunchScreen.storyboard */ = {
			isa = PBXVariantGroup;
			children = (
				6EA356F62A8E23F200FA18DB /* Base */,
			);
			name = LaunchScreen.storyboard;
			sourceTree = "<group>";
		};
/* End PBXVariantGroup section */

/* Begin XCBuildConfiguration section */
		6EA356F92A8E23F200FA18DB /* Debug */ = {
			isa = XCBuildConfiguration;
			buildSettings = {
				ALWAYS_SEARCH_USER_PATHS = NO;
				CLANG_ANALYZER_NONNULL = YES;
				CLANG_ANALYZER_NUMBER_OBJECT_CONVERSION = YES_AGGRESSIVE;
				CLANG_CXX_LANGUAGE_STANDARD = "gnu++20";
				CLANG_ENABLE_MODULES = YES;
				CLANG_ENABLE_OBJC_ARC = YES;
				CLANG_ENABLE_OBJC_WEAK = YES;
				CLANG_WARN_BLOCK_CAPTURE_AUTORELEASING = YES;
				CLANG_WARN_BOOL_CONVERSION = YES;
				CLANG_WARN_COMMA = YES;
				CLANG_WARN_CONSTANT_CONVERSION = YES;
				CLANG_WARN_DEPRECATED_OBJC_IMPLEMENTATIONS = YES;
				CLANG_WARN_DIRECT_OBJC_ISA_USAGE = YES_ERROR;
				CLANG_WARN_DOCUMENTATION_COMMENTS = YES;
				CLANG_WARN_EMPTY_BODY = YES;
				CLANG_WARN_ENUM_CONVERSION = YES;
				CLANG_WARN_INFINITE_RECURSION = YES;
				CLANG_WARN_INT_CONVERSION = YES;
				CLANG_WARN_NON_LITERAL_NULL_CONVERSION = YES;
				CLANG_WARN_OBJC_IMPLICIT_RETAIN_SELF = YES;
				CLANG_WARN_OBJC_LITERAL_CONVERSION = YES;
				CLANG_WARN_OBJC_ROOT_CLASS = YES_ERROR;
				CLANG_WARN_QUOTED_INCLUDE_IN_FRAMEWORK_HEADER = YES;
				CLANG_WARN_RANGE_LOOP_ANALYSIS = YES;
				CLANG_WARN_STRICT_PROTOTYPES = YES;
				CLANG_WARN_SUSPICIOUS_MOVE = YES;
				CLANG_WARN_UNGUARDED_AVAILABILITY = YES_AGGRESSIVE;
				CLANG_WARN_UNREACHABLE_CODE = YES;
				CLANG_WARN__DUPLICATE_METHOD_MATCH = YES;
				COPY_PHASE_STRIP = NO;
				DEBUG_INFORMATION_FORMAT = dwarf;
				ENABLE_STRICT_OBJC_MSGSEND = YES;
				ENABLE_TESTABILITY = YES;
				GCC_C_LANGUAGE_STANDARD = gnu11;
				GCC_DYNAMIC_NO_PIC = NO;
				GCC_NO_COMMON_BLOCKS = YES;
				GCC_OPTIMIZATION_LEVEL = 0;
				GCC_PREPROCESSOR_DEFINITIONS = (
					"DEBUG=1",
					"$(inherited)",
				);
				GCC_WARN_64_TO_32_BIT_CONVERSION = YES;
				GCC_WARN_ABOUT_RETURN_TYPE = YES_ERROR;
				GCC_WARN_UNDECLARED_SELECTOR = YES;
				GCC_WARN_UNINITIALIZED_AUTOS = YES_AGGRESSIVE;
				GCC_WARN_UNUSED_FUNCTION = YES;
				GCC_WARN_UNUSED_VARIABLE = YES;
				IPHONEOS_DEPLOYMENT_TARGET = 16.4;
				MTL_ENABLE_DEBUG_INFO = INCLUDE_SOURCE;
				MTL_FAST_MATH = YES;
				ONLY_ACTIVE_ARCH = YES;
				SDKROOT = iphoneos;
				SWIFT_ACTIVE_COMPILATION_CONDITIONS = DEBUG;
				SWIFT_OPTIMIZATION_LEVEL = "-Onone";
			};
			name = Debug;
		};
		6EA356FA2A8E23F200FA18DB /* Release */ = {
			isa = XCBuildConfiguration;
			buildSettings = {
				ALWAYS_SEARCH_USER_PATHS = NO;
				CLANG_ANALYZER_NONNULL = YES;
				CLANG_ANALYZER_NUMBER_OBJECT_CONVERSION = YES_AGGRESSIVE;
				CLANG_CXX_LANGUAGE_STANDARD = "gnu++20";
				CLANG_ENABLE_MODULES = YES;
				CLANG_ENABLE_OBJC_ARC = YES;
				CLANG_ENABLE_OBJC_WEAK = YES;
				CLANG_WARN_BLOCK_CAPTURE_AUTORELEASING = YES;
				CLANG_WARN_BOOL_CONVERSION = YES;
				CLANG_WARN_COMMA = YES;
				CLANG_WARN_CONSTANT_CONVERSION = YES;
				CLANG_WARN_DEPRECATED_OBJC_IMPLEMENTATIONS = YES;
				CLANG_WARN_DIRECT_OBJC_ISA_USAGE = YES_ERROR;
				CLANG_WARN_DOCUMENTATION_COMMENTS = YES;
				CLANG_WARN_EMPTY_BODY = YES;
				CLANG_WARN_ENUM_CONVERSION = YES;
				CLANG_WARN_INFINITE_RECURSION = YES;
				CLANG_WARN_INT_CONVERSION = YES;
				CLANG_WARN_NON_LITERAL_NULL_CONVERSION = YES;
				CLANG_WARN_OBJC_IMPLICIT_RETAIN_SELF = YES;
				CLANG_WARN_OBJC_LITERAL_CONVERSION = YES;
				CLANG_WARN_OBJC_ROOT_CLASS = YES_ERROR;
				CLANG_WARN_QUOTED_INCLUDE_IN_FRAMEWORK_HEADER = YES;
				CLANG_WARN_RANGE_LOOP_ANALYSIS = YES;
				CLANG_WARN_STRICT_PROTOTYPES = YES;
				CLANG_WARN_SUSPICIOUS_MOVE = YES;
				CLANG_WARN_UNGUARDED_AVAILABILITY = YES_AGGRESSIVE;
				CLANG_WARN_UNREACHABLE_CODE = YES;
				CLANG_WARN__DUPLICATE_METHOD_MATCH = YES;
				COPY_PHASE_STRIP = NO;
				DEBUG_INFORMATION_FORMAT = "dwarf-with-dsym";
				ENABLE_NS_ASSERTIONS = NO;
				ENABLE_STRICT_OBJC_MSGSEND = YES;
				GCC_C_LANGUAGE_STANDARD = gnu11;
				GCC_NO_COMMON_BLOCKS = YES;
				GCC_WARN_64_TO_32_BIT_CONVERSION = YES;
				GCC_WARN_ABOUT_RETURN_TYPE = YES_ERROR;
				GCC_WARN_UNDECLARED_SELECTOR = YES;
				GCC_WARN_UNINITIALIZED_AUTOS = YES_AGGRESSIVE;
				GCC_WARN_UNUSED_FUNCTION = YES;
				GCC_WARN_UNUSED_VARIABLE = YES;
				IPHONEOS_DEPLOYMENT_TARGET = 16.4;
				MTL_ENABLE_DEBUG_INFO = NO;
				MTL_FAST_MATH = YES;
				SDKROOT = iphoneos;
				SWIFT_COMPILATION_MODE = wholemodule;
				SWIFT_OPTIMIZATION_LEVEL = "-O";
				VALIDATE_PRODUCT = YES;
			};
			name = Release;
		};
		6EA356FC2A8E23F200FA18DB /* Debug */ = {
			isa = XCBuildConfiguration;
			buildSettings = {
				ASSETCATALOG_COMPILER_APPICON_NAME = AppIcon;
				ASSETCATALOG_COMPILER_GLOBAL_ACCENT_COLOR_NAME = AccentColor;
				CODE_SIGN_STYLE = Automatic;
				CURRENT_PROJECT_VERSION = 1;
				DEVELOPMENT_TEAM = B24G869DB7;
				GENERATE_INFOPLIST_FILE = YES;
				INFOPLIST_FILE = TotalAPIProject/Info.plist;
				INFOPLIST_KEY_UIApplicationSupportsIndirectInputEvents = YES;
				INFOPLIST_KEY_UILaunchStoryboardName = LaunchScreen;
				INFOPLIST_KEY_UIMainStoryboardFile = Main;
				INFOPLIST_KEY_UISupportedInterfaceOrientations_iPad = "UIInterfaceOrientationPortrait UIInterfaceOrientationPortraitUpsideDown UIInterfaceOrientationLandscapeLeft UIInterfaceOrientationLandscapeRight";
				INFOPLIST_KEY_UISupportedInterfaceOrientations_iPhone = "UIInterfaceOrientationPortrait UIInterfaceOrientationLandscapeLeft UIInterfaceOrientationLandscapeRight";
				LD_RUNPATH_SEARCH_PATHS = (
					"$(inherited)",
					"@executable_path/Frameworks",
				);
				MARKETING_VERSION = 1.0;
				PRODUCT_BUNDLE_IDENTIFIER = com.sesac.TotalAPIProject;
				PRODUCT_NAME = "$(TARGET_NAME)";
				SUPPORTED_PLATFORMS = "iphoneos iphonesimulator";
				SUPPORTS_MACCATALYST = NO;
				SUPPORTS_MAC_DESIGNED_FOR_IPHONE_IPAD = NO;
				SWIFT_EMIT_LOC_STRINGS = YES;
				SWIFT_VERSION = 5.0;
				TARGETED_DEVICE_FAMILY = 1;
			};
			name = Debug;
		};
		6EA356FD2A8E23F200FA18DB /* Release */ = {
			isa = XCBuildConfiguration;
			buildSettings = {
				ASSETCATALOG_COMPILER_APPICON_NAME = AppIcon;
				ASSETCATALOG_COMPILER_GLOBAL_ACCENT_COLOR_NAME = AccentColor;
				CODE_SIGN_STYLE = Automatic;
				CURRENT_PROJECT_VERSION = 1;
				DEVELOPMENT_TEAM = B24G869DB7;
				GENERATE_INFOPLIST_FILE = YES;
				INFOPLIST_FILE = TotalAPIProject/Info.plist;
				INFOPLIST_KEY_UIApplicationSupportsIndirectInputEvents = YES;
				INFOPLIST_KEY_UILaunchStoryboardName = LaunchScreen;
				INFOPLIST_KEY_UIMainStoryboardFile = Main;
				INFOPLIST_KEY_UISupportedInterfaceOrientations_iPad = "UIInterfaceOrientationPortrait UIInterfaceOrientationPortraitUpsideDown UIInterfaceOrientationLandscapeLeft UIInterfaceOrientationLandscapeRight";
				INFOPLIST_KEY_UISupportedInterfaceOrientations_iPhone = "UIInterfaceOrientationPortrait UIInterfaceOrientationLandscapeLeft UIInterfaceOrientationLandscapeRight";
				LD_RUNPATH_SEARCH_PATHS = (
					"$(inherited)",
					"@executable_path/Frameworks",
				);
				MARKETING_VERSION = 1.0;
				PRODUCT_BUNDLE_IDENTIFIER = com.sesac.TotalAPIProject;
				PRODUCT_NAME = "$(TARGET_NAME)";
				SUPPORTED_PLATFORMS = "iphoneos iphonesimulator";
				SUPPORTS_MACCATALYST = NO;
				SUPPORTS_MAC_DESIGNED_FOR_IPHONE_IPAD = NO;
				SWIFT_EMIT_LOC_STRINGS = YES;
				SWIFT_VERSION = 5.0;
				TARGETED_DEVICE_FAMILY = 1;
			};
			name = Release;
		};
/* End XCBuildConfiguration section */

/* Begin XCConfigurationList section */
		6EA356E22A8E23F200FA18DB /* Build configuration list for PBXProject "TotalAPIProject" */ = {
			isa = XCConfigurationList;
			buildConfigurations = (
				6EA356F92A8E23F200FA18DB /* Debug */,
				6EA356FA2A8E23F200FA18DB /* Release */,
			);
			defaultConfigurationIsVisible = 0;
			defaultConfigurationName = Release;
		};
		6EA356FB2A8E23F200FA18DB /* Build configuration list for PBXNativeTarget "TotalAPIProject" */ = {
			isa = XCConfigurationList;
			buildConfigurations = (
				6EA356FC2A8E23F200FA18DB /* Debug */,
				6EA356FD2A8E23F200FA18DB /* Release */,
			);
			defaultConfigurationIsVisible = 0;
			defaultConfigurationName = Release;
		};
/* End XCConfigurationList section */

/* Begin XCRemoteSwiftPackageReference section */
		6EA357022A8E263100FA18DB /* XCRemoteSwiftPackageReference "Alamofire" */ = {
			isa = XCRemoteSwiftPackageReference;
			repositoryURL = "https://github.com/Alamofire/Alamofire.git";
			requirement = {
				kind = upToNextMajorVersion;
				minimumVersion = 5.0.0;
			};
		};
		6EA357052A8E263700FA18DB /* XCRemoteSwiftPackageReference "Kingfisher" */ = {
			isa = XCRemoteSwiftPackageReference;
			repositoryURL = "https://github.com/onevcat/Kingfisher.git";
			requirement = {
				kind = upToNextMajorVersion;
				minimumVersion = 7.0.0;
			};
		};
		6EA357082A8E263F00FA18DB /* XCRemoteSwiftPackageReference "SwiftyJSON" */ = {
			isa = XCRemoteSwiftPackageReference;
			repositoryURL = "https://github.com/SwiftyJSON/SwiftyJSON.git";
			requirement = {
				kind = upToNextMajorVersion;
				minimumVersion = 5.0.0;
			};
		};
/* End XCRemoteSwiftPackageReference section */

/* Begin XCSwiftPackageProductDependency section */
		6EA357032A8E263100FA18DB /* Alamofire */ = {
			isa = XCSwiftPackageProductDependency;
			package = 6EA357022A8E263100FA18DB /* XCRemoteSwiftPackageReference "Alamofire" */;
			productName = Alamofire;
		};
		6EA357062A8E263700FA18DB /* Kingfisher */ = {
			isa = XCSwiftPackageProductDependency;
			package = 6EA357052A8E263700FA18DB /* XCRemoteSwiftPackageReference "Kingfisher" */;
			productName = Kingfisher;
		};
		6EA357092A8E263F00FA18DB /* SwiftyJSON */ = {
			isa = XCSwiftPackageProductDependency;
			package = 6EA357082A8E263F00FA18DB /* XCRemoteSwiftPackageReference "SwiftyJSON" */;
			productName = SwiftyJSON;
		};
/* End XCSwiftPackageProductDependency section */
	};
	rootObject = 6EA356DF2A8E23F200FA18DB /* Project object */;
}
